{
  "nodes": {
    "byteutils-master": {
      "inputs": {
        "flakeNimbleLib": [
          "flakeNimbleLib"
        ],
        "nixpkgs": [
          "nixpkgs"
        ],
        "src-byteutils-master": "src-byteutils-master"
      },
      "locked": {
        "dir": "master",
        "lastModified": 1662254382,
        "narHash": "sha256-S2MN7bFJBjProMzDQggiGVz80CwMik49wthQq06Cx30=",
        "owner": "nim-nix-pkgs",
        "repo": "byteutils",
        "rev": "43e17437abb69da19e05beb26b90c0edb8836f5c",
        "type": "github"
      },
      "original": {
        "dir": "master",
        "owner": "nim-nix-pkgs",
        "ref": "master",
        "repo": "byteutils",
        "type": "github"
      }
    },
    "flakeNimbleLib": {
      "inputs": {
        "nixpkgs": [
          "nixpkgs"
        ]
      },
      "locked": {
        "lastModified": 1662018438,
        "narHash": "sha256-QtNtU6+LX3Wokxf0zlFwKTFOcn6TeDjKQZ+DA9OYtvM=",
        "owner": "riinr",
        "repo": "nim-flakes-lib",
        "rev": "b1fe8340736e3a85d25c709ac3dfd82a55c03cbf",
        "type": "github"
      },
      "original": {
        "owner": "riinr",
        "ref": "master",
        "repo": "nim-flakes-lib",
        "type": "github"
      }
    },
    "nixpkgs": {
      "locked": {
        "lastModified": 1667110639,
        "narHash": "sha256-4FbPESZ5LbqQxkJJJBAfk/zKgF9h/4kyUwjjpJwYlbc=",
        "owner": "NixOS",
        "repo": "nixpkgs",
        "rev": "f38a1f04d1bec1feb61fd101a0539ae2002a7087",
        "type": "github"
      },
      "original": {
        "id": "nixpkgs",
        "type": "indirect"
      }
    },
    "root": {
      "inputs": {
        "byteutils-master": "byteutils-master",
        "flakeNimbleLib": "flakeNimbleLib",
        "nixpkgs": "nixpkgs"
      }
    },
    "src-byteutils-master": {
      "flake": false,
      "locked": {
        "lastModified": 1562436533,
        "narHash": "sha256-4aE3fyYtfMwRgVCul6ZAaFE5hC8O5oD5ezyf2Ak0b9I=",
        "owner": "status-im",
        "repo": "nim-byteutils",
        "rev": "69ce66ef434b03cf8938be8aa5c658982aeccb40",
        "type": "github"
      },
      "original": {
        "owner": "status-im",
        "ref": "refs/heads/master",
        "repo": "nim-byteutils",
        "type": "github"
      }
    }
  },
  "root": "root",
  "version": 7
}
